
Microsoft Visual Studio Solution File, Format Version 12.00
# Visual Studio Version 16
VisualStudioVersion = 16.0.32126.315
MinimumVisualStudioVersion = 10.0.40219.1
Project("{FAE04EC0-301F-11D3-BF4B-00C04F79EFBC}") = "Practica_3", "Practica_3\Practica_3.csproj", "{C8958B95-341C-4549-8708-AEC138B927A2}"
EndProject
Global
	GlobalSection(SolutionConfigurationPlatforms) = preSolution
		Debug|Any CPU = Debug|Any CPU
		Release|Any CPU = Release|Any CPU
	EndGlobalSection
	GlobalSection(ProjectConfigurationPlatforms) = postSolution
		{C8958B95-341C-4549-8708-AEC138B927A2}.Debug|Any CPU.ActiveCfg = Debug|Any CPU
		{C8958B95-341C-4549-8708-AEC138B927A2}.Debug|Any CPU.Build.0 = Debug|Any CPU
		{C8958B95-341C-4549-8708-AEC138B927A2}.Release|Any CPU.ActiveCfg = Release|Any CPU
		{C8958B95-341C-4549-8708-AEC138B927A2}.Release|Any CPU.Build.0 = Release|Any CPU
	EndGlobalSection
	GlobalSection(SolutionProperties) = preSolution
		HideSolutionNode = FALSE
	EndGlobalSection
	GlobalSection(ExtensibilityGlobals) = postSolution
		SolutionGuid = {4E69C643-D663-4D9A-A9C4-F9FEEE8C3B85}
	EndGlobalSection
EndGlobal
